{
  "name": "khanacademy timer",
  "lockfileVersion": 3,
  "requires": true,
  "packages": {
    "": {
      "dependencies": {
        "chrome-types": "^0.1.231"
      }
    },
    "node_modules/chrome-types": {
      "version": "0.1.288",
      "resolved": "https://registry.npmjs.org/chrome-types/-/chrome-types-0.1.288.tgz",
      "integrity": "sha512-A/FIP2neMmVSkw5UztGKraKDtBw9gEIC5TrS1/ZAfBwaW/E2+EGKatJfEph6IkvHh5cInDIpUcm9WJ2L2L3MZw=="
    }
  }
}
